// !$*UTF8*$!
{
	archiveVersion = 1;
	classes = {
	};
	objectVersion = 48;
	objects = {

/* Begin PBXBuildFile section */
		C0E8970A21EB6D7A0061A8C8 /* AppDelegate.swift in Sources */ = {isa = PBXBuildFile; fileRef = C0E8970921EB6D7A0061A8C8 /* AppDelegate.swift */; };
		C0E8970C21EB6D7A0061A8C8 /* ViewController.swift in Sources */ = {isa = PBXBuildFile; fileRef = C0E8970B21EB6D7A0061A8C8 /* ViewController.swift */; };
		C0E8970F21EB6D7A0061A8C8 /* Main.storyboard in Resources */ = {isa = PBXBuildFile; fileRef = C0E8970D21EB6D7A0061A8C8 /* Main.storyboard */; };
		C0E8971221EB6D7A0061A8C8 /* UserCurrentLocation.xcdatamodeld in Sources */ = {isa = PBXBuildFile; fileRef = C0E8971021EB6D7A0061A8C8 /* UserCurrentLocation.xcdatamodeld */; };
		C0E8971421EB6D7A0061A8C8 /* Assets.xcassets in Resources */ = {isa = PBXBuildFile; fileRef = C0E8971321EB6D7A0061A8C8 /* Assets.xcassets */; };
		C0E8971721EB6D7A0061A8C8 /* LaunchScreen.storyboard in Resources */ = {isa = PBXBuildFile; fileRef = C0E8971521EB6D7A0061A8C8 /* LaunchScreen.storyboard */; };
		C0E8972221EB6D7B0061A8C8 /* UserCurrentLocationTests.swift in Sources */ = {isa = PBXBuildFile; fileRef = C0E8972121EB6D7B0061A8C8 /* UserCurrentLocationTests.swift */; };
		C0E8972D21EB6D7B0061A8C8 /* UserCurrentLocationUITests.swift in Sources */ = {isa = PBXBuildFile; fileRef = C0E8972C21EB6D7B0061A8C8 /* UserCurrentLocationUITests.swift */; };
		C0E8973C21EB6D8F0061A8C8 /* CoreLocation.framework in Frameworks */ = {isa = PBXBuildFile; fileRef = C0E8973B21EB6D8F0061A8C8 /* CoreLocation.framework */; };
/* End PBXBuildFile section */

/* Begin PBXContainerItemProxy section */
		C0E8971E21EB6D7B0061A8C8 /* PBXContainerItemProxy */ = {
			isa = PBXContainerItemProxy;
			containerPortal = C0E896FE21EB6D7A0061A8C8 /* Project object */;
			proxyType = 1;
			remoteGlobalIDString = C0E8970521EB6D7A0061A8C8;
			remoteInfo = UserCurrentLocation;
		};
		C0E8972921EB6D7B0061A8C8 /* PBXContainerItemProxy */ = {
			isa = PBXContainerItemProxy;
			containerPortal = C0E896FE21EB6D7A0061A8C8 /* Project object */;
			proxyType = 1;
			remoteGlobalIDString = C0E8970521EB6D7A0061A8C8;
			remoteInfo = UserCurrentLocation;
		};
/* End PBXContainerItemProxy section */

/* Begin PBXFileReference section */
		C0E8970621EB6D7A0061A8C8 /* UserCurrentLocation.app */ = {isa = PBXFileReference; explicitFileType = wrapper.application; includeInIndex = 0; path = UserCurrentLocation.app; sourceTree = BUILT_PRODUCTS_DIR; };
		C0E8970921EB6D7A0061A8C8 /* AppDelegate.swift */ = {isa = PBXFileReference; lastKnownFileType = sourcecode.swift; path = AppDelegate.swift; sourceTree = "<group>"; };
		C0E8970B21EB6D7A0061A8C8 /* ViewController.swift */ = {isa = PBXFileReference; lastKnownFileType = sourcecode.swift; path = ViewController.swift; sourceTree = "<group>"; };
		C0E8970E21EB6D7A0061A8C8 /* Base */ = {isa = PBXFileReference; lastKnownFileType = file.storyboard; name = Base; path = Base.lproj/Main.storyboard; sourceTree = "<group>"; };
		C0E8971121EB6D7A0061A8C8 /* UserCurrentLocation.xcdatamodel */ = {isa = PBXFileReference; lastKnownFileType = wrapper.xcdatamodel; path = UserCurrentLocation.xcdatamodel; sourceTree = "<group>"; };
		C0E8971321EB6D7A0061A8C8 /* Assets.xcassets */ = {isa = PBXFileReference; lastKnownFileType = folder.assetcatalog; path = Assets.xcassets; sourceTree = "<group>"; };
		C0E8971621EB6D7A0061A8C8 /* Base */ = {isa = PBXFileReference; lastKnownFileType = file.storyboard; name = Base; path = Base.lproj/LaunchScreen.storyboard; sourceTree = "<group>"; };
		C0E8971821EB6D7A0061A8C8 /* Info.plist */ = {isa = PBXFileReference; lastKnownFileType = text.plist.xml; path = Info.plist; sourceTree = "<group>"; };
		C0E8971D21EB6D7B0061A8C8 /* UserCurrentLocationTests.xctest */ = {isa = PBXFileReference; explicitFileType = wrapper.cfbundle; includeInIndex = 0; path = UserCurrentLocationTests.xctest; sourceTree = BUILT_PRODUCTS_DIR; };
		C0E8972121EB6D7B0061A8C8 /* UserCurrentLocationTests.swift */ = {isa = PBXFileReference; lastKnownFileType = sourcecode.swift; path = UserCurrentLocationTests.swift; sourceTree = "<group>"; };
		C0E8972321EB6D7B0061A8C8 /* Info.plist */ = {isa = PBXFileReference; lastKnownFileType = text.plist.xml; path = Info.plist; sourceTree = "<group>"; };
		C0E8972821EB6D7B0061A8C8 /* UserCurrentLocationUITests.xctest */ = {isa = PBXFileReference; explicitFileType = wrapper.cfbundle; includeInIndex = 0; path = UserCurrentLocationUITests.xctest; sourceTree = BUILT_PRODUCTS_DIR; };
		C0E8972C21EB6D7B0061A8C8 /* UserCurrentLocationUITests.swift */ = {isa = PBXFileReference; lastKnownFileType = sourcecode.swift; path = UserCurrentLocationUITests.swift; sourceTree = "<group>"; };
		C0E8972E21EB6D7B0061A8C8 /* Info.plist */ = {isa = PBXFileReference; lastKnownFileType = text.plist.xml; path = Info.plist; sourceTree = "<group>"; };
		C0E8973B21EB6D8F0061A8C8 /* CoreLocation.framework */ = {isa = PBXFileReference; lastKnownFileType = wrapper.framework; name = CoreLocation.framework; path = System/Library/Frameworks/CoreLocation.framework; sourceTree = SDKROOT; };
/* End PBXFileReference section */

/* Begin PBXFrameworksBuildPhase section */
		C0E8970321EB6D7A0061A8C8 /* Frameworks */ = {
			isa = PBXFrameworksBuildPhase;
			buildActionMask = 2147483647;
			files = (
				C0E8973C21EB6D8F0061A8C8 /* CoreLocation.framework in Frameworks */,
			);
			runOnlyForDeploymentPostprocessing = 0;
		};
		C0E8971A21EB6D7B0061A8C8 /* Frameworks */ = {
			isa = PBXFrameworksBuildPhase;
			buildActionMask = 2147483647;
			files = (
			);
			runOnlyForDeploymentPostprocessing = 0;
		};
		C0E8972521EB6D7B0061A8C8 /* Frameworks */ = {
			isa = PBXFrameworksBuildPhase;
			buildActionMask = 2147483647;
			files = (
			);
			runOnlyForDeploymentPostprocessing = 0;
		};
/* End PBXFrameworksBuildPhase section */

/* Begin PBXGroup section */
		C0E896FD21EB6D7A0061A8C8 = {
			isa = PBXGroup;
			children = (
				C0E8970821EB6D7A0061A8C8 /* UserCurrentLocation */,
				C0E8972021EB6D7B0061A8C8 /* UserCurrentLocationTests */,
				C0E8972B21EB6D7B0061A8C8 /* UserCurrentLocationUITests */,
				C0E8970721EB6D7A0061A8C8 /* Products */,
				C0E8973A21EB6D8E0061A8C8 /* Frameworks */,
			);
			sourceTree = "<group>";
		};
		C0E8970721EB6D7A0061A8C8 /* Products */ = {
			isa = PBXGroup;
			children = (
				C0E8970621EB6D7A0061A8C8 /* UserCurrentLocation.app */,
				C0E8971D21EB6D7B0061A8C8 /* UserCurrentLocationTests.xctest */,
				C0E8972821EB6D7B0061A8C8 /* UserCurrentLocationUITests.xctest */,
			);
			name = Products;
			sourceTree = "<group>";
		};
		C0E8970821EB6D7A0061A8C8 /* UserCurrentLocation */ = {
			isa = PBXGroup;
			children = (
				C0E8970921EB6D7A0061A8C8 /* AppDelegate.swift */,
				C0E8970B21EB6D7A0061A8C8 /* ViewController.swift */,
				C0E8970D21EB6D7A0061A8C8 /* Main.storyboard */,
				C0E8971321EB6D7A0061A8C8 /* Assets.xcassets */,
				C0E8971521EB6D7A0061A8C8 /* LaunchScreen.storyboard */,
				C0E8971821EB6D7A0061A8C8 /* Info.plist */,
				C0E8971021EB6D7A0061A8C8 /* UserCurrentLocation.xcdatamodeld */,
			);
			path = UserCurrentLocation;
			sourceTree = "<group>";
		};
		C0E8972021EB6D7B0061A8C8 /* UserCurrentLocationTests */ = {
			isa = PBXGroup;
			children = (
				C0E8972121EB6D7B0061A8C8 /* UserCurrentLocationTests.swift */,
				C0E8972321EB6D7B0061A8C8 /* Info.plist */,
			);
			path = UserCurrentLocationTests;
			sourceTree = "<group>";
		};
		C0E8972B21EB6D7B0061A8C8 /* UserCurrentLocationUITests */ = {
			isa = PBXGroup;
			children = (
				C0E8972C21EB6D7B0061A8C8 /* UserCurrentLocationUITests.swift */,
				C0E8972E21EB6D7B0061A8C8 /* Info.plist */,
			);
			path = UserCurrentLocationUITests;
			sourceTree = "<group>";
		};
		C0E8973A21EB6D8E0061A8C8 /* Frameworks */ = {
			isa = PBXGroup;
			children = (
				C0E8973B21EB6D8F0061A8C8 /* CoreLocation.framework */,
			);
			name = Frameworks;
			sourceTree = "<group>";
		};
/* End PBXGroup section */

/* Begin PBXNativeTarget section */
		C0E8970521EB6D7A0061A8C8 /* UserCurrentLocation */ = {
			isa = PBXNativeTarget;
			buildConfigurationList = C0E8973121EB6D7B0061A8C8 /* Build configuration list for PBXNativeTarget "UserCurrentLocation" */;
			buildPhases = (
				C0E8970221EB6D7A0061A8C8 /* Sources */,
				C0E8970321EB6D7A0061A8C8 /* Frameworks */,
				C0E8970421EB6D7A0061A8C8 /* Resources */,
			);
			buildRules = (
			);
			dependencies = (
			);
			name = UserCurrentLocation;
			productName = UserCurrentLocation;
			productReference = C0E8970621EB6D7A0061A8C8 /* UserCurrentLocation.app */;
			productType = "com.apple.product-type.application";
		};
		C0E8971C21EB6D7B0061A8C8 /* UserCurrentLocationTests */ = {
			isa = PBXNativeTarget;
			buildConfigurationList = C0E8973421EB6D7B0061A8C8 /* Build configuration list for PBXNativeTarget "UserCurrentLocationTests" */;
			buildPhases = (
				C0E8971921EB6D7B0061A8C8 /* Sources */,
				C0E8971A21EB6D7B0061A8C8 /* Frameworks */,
				C0E8971B21EB6D7B0061A8C8 /* Resources */,
			);
			buildRules = (
			);
			dependencies = (
				C0E8971F21EB6D7B0061A8C8 /* PBXTargetDependency */,
			);
			name = UserCurrentLocationTests;
			productName = UserCurrentLocationTests;
			productReference = C0E8971D21EB6D7B0061A8C8 /* UserCurrentLocationTests.xctest */;
			productType = "com.apple.product-type.bundle.unit-test";
		};
		C0E8972721EB6D7B0061A8C8 /* UserCurrentLocationUITests */ = {
			isa = PBXNativeTarget;
			buildConfigurationList = C0E8973721EB6D7B0061A8C8 /* Build configuration list for PBXNativeTarget "UserCurrentLocationUITests" */;
			buildPhases = (
				C0E8972421EB6D7B0061A8C8 /* Sources */,
				C0E8972521EB6D7B0061A8C8 /* Frameworks */,
				C0E8972621EB6D7B0061A8C8 /* Resources */,
			);
			buildRules = (
			);
			dependencies = (
				C0E8972A21EB6D7B0061A8C8 /* PBXTargetDependency */,
			);
			name = UserCurrentLocationUITests;
			productName = UserCurrentLocationUITests;
			productReference = C0E8972821EB6D7B0061A8C8 /* UserCurrentLocationUITests.xctest */;
			productType = "com.apple.product-type.bundle.ui-testing";
		};
/* End PBXNativeTarget section */

/* Begin PBXProject section */
		C0E896FE21EB6D7A0061A8C8 /* Project object */ = {
			isa = PBXProject;
			attributes = {
				LastSwiftUpdateCheck = 0900;
				LastUpgradeCheck = 0900;
				ORGANIZATIONNAME = Archidev;
				TargetAttributes = {
					C0E8970521EB6D7A0061A8C8 = {
						CreatedOnToolsVersion = 9.0;
						ProvisioningStyle = Automatic;
					};
					C0E8971C21EB6D7B0061A8C8 = {
						CreatedOnToolsVersion = 9.0;
						ProvisioningStyle = Automatic;
						TestTargetID = C0E8970521EB6D7A0061A8C8;
					};
					C0E8972721EB6D7B0061A8C8 = {
						CreatedOnToolsVersion = 9.0;
						ProvisioningStyle = Automatic;
						TestTargetID = C0E8970521EB6D7A0061A8C8;
					};
				};
			};
			buildConfigurationList = C0E8970121EB6D7A0061A8C8 /* Build configuration list for PBXProject "UserCurrentLocation" */;
			compatibilityVersion = "Xcode 8.0";
			developmentRegion = en;
			hasScannedForEncodings = 0;
			knownRegions = (
				en,
				Base,
			);
			mainGroup = C0E896FD21EB6D7A0061A8C8;
			productRefGroup = C0E8970721EB6D7A0061A8C8 /* Products */;
			projectDirPath = "";
			projectRoot = "";
			targets = (
				C0E8970521EB6D7A0061A8C8 /* UserCurrentLocation */,
				C0E8971C21EB6D7B0061A8C8 /* UserCurrentLocationTests */,
				C0E8972721EB6D7B0061A8C8 /* UserCurrentLocationUITests */,
			);
		};
/* End PBXProject section */

/* Begin PBXResourcesBuildPhase section */
		C0E8970421EB6D7A0061A8C8 /* Resources */ = {
			isa = PBXResourcesBuildPhase;
			buildActionMask = 2147483647;
			files = (
				C0E8971721EB6D7A0061A8C8 /* LaunchScreen.storyboard in Resources */,
				C0E8971421EB6D7A0061A8C8 /* Assets.xcassets in Resources */,
				C0E8970F21EB6D7A0061A8C8 /* Main.storyboard in Resources */,
			);
			runOnlyForDeploymentPostprocessing = 0;
		};
		C0E8971B21EB6D7B0061A8C8 /* Resources */ = {
			isa = PBXResourcesBuildPhase;
			buildActionMask = 2147483647;
			files = (
			);
			runOnlyForDeploymentPostprocessing = 0;
		};
		C0E8972621EB6D7B0061A8C8 /* Resources */ = {
			isa = PBXResourcesBuildPhase;
			buildActionMask = 2147483647;
			files = (
			);
			runOnlyForDeploymentPostprocessing = 0;
		};
/* End PBXResourcesBuildPhase section */

/* Begin PBXSourcesBuildPhase section */
		C0E8970221EB6D7A0061A8C8 /* Sources */ = {
			isa = PBXSourcesBuildPhase;
			buildActionMask = 2147483647;
			files = (
				C0E8971221EB6D7A0061A8C8 /* UserCurrentLocation.xcdatamodeld in Sources */,
				C0E8970C21EB6D7A0061A8C8 /* ViewController.swift in Sources */,
				C0E8970A21EB6D7A0061A8C8 /* AppDelegate.swift in Sources */,
			);
			runOnlyForDeploymentPostprocessing = 0;
		};
		C0E8971921EB6D7B0061A8C8 /* Sources */ = {
			isa = PBXSourcesBuildPhase;
			buildActionMask = 2147483647;
			files = (
				C0E8972221EB6D7B0061A8C8 /* UserCurrentLocationTests.swift in Sources */,
			);
			runOnlyForDeploymentPostprocessing = 0;
		};
		C0E8972421EB6D7B0061A8C8 /* Sources */ = {
			isa = PBXSourcesBuildPhase;
			buildActionMask = 2147483647;
			files = (
				C0E8972D21EB6D7B0061A8C8 /* UserCurrentLocationUITests.swift in Sources */,
			);
			runOnlyForDeploymentPostprocessing = 0;
		};
/* End PBXSourcesBuildPhase section */

/* Begin PBXTargetDependency section */
		C0E8971F21EB6D7B0061A8C8 /* PBXTargetDependency */ = {
			isa = PBXTargetDependency;
			target = C0E8970521EB6D7A0061A8C8 /* UserCurrentLocation */;
			targetProxy = C0E8971E21EB6D7B0061A8C8 /* PBXContainerItemProxy */;
		};
		C0E8972A21EB6D7B0061A8C8 /* PBXTargetDependency */ = {
			isa = PBXTargetDependency;
			target = C0E8970521EB6D7A0061A8C8 /* UserCurrentLocation */;
			targetProxy = C0E8972921EB6D7B0061A8C8 /* PBXContainerItemProxy */;
		};
/* End PBXTargetDependency section */

/* Begin PBXVariantGroup section */
		C0E8970D21EB6D7A0061A8C8 /* Main.storyboard */ = {
			isa = PBXVariantGroup;
			children = (
				C0E8970E21EB6D7A0061A8C8 /* Base */,
			);
			name = Main.storyboard;
			sourceTree = "<group>";
		};
		C0E8971521EB6D7A0061A8C8 /* LaunchScreen.storyboard */ = {
			isa = PBXVariantGroup;
			children = (
				C0E8971621EB6D7A0061A8C8 /* Base */,
			);
			name = LaunchScreen.storyboard;
			sourceTree = "<group>";
		};
/* End PBXVariantGroup section */

/* Begin XCBuildConfiguration section */
		C0E8972F21EB6D7B0061A8C8 /* Debug */ = {
			isa = XCBuildConfiguration;
			buildSettings = {
				ALWAYS_SEARCH_USER_PATHS = NO;
				CLANG_ANALYZER_NONNULL = YES;
				CLANG_ANALYZER_NUMBER_OBJECT_CONVERSION = YES_AGGRESSIVE;
				CLANG_CXX_LANGUAGE_STANDARD = "gnu++14";
				CLANG_CXX_LIBRARY = "libc++";
				CLANG_ENABLE_MODULES = YES;
				CLANG_ENABLE_OBJC_ARC = YES;
				CLANG_WARN_BLOCK_CAPTURE_AUTORELEASING = YES;
				CLANG_WARN_BOOL_CONVERSION = YES;
				CLANG_WARN_COMMA = YES;
				CLANG_WARN_CONSTANT_CONVERSION = YES;
				CLANG_WARN_DIRECT_OBJC_ISA_USAGE = YES_ERROR;
				CLANG_WARN_DOCUMENTATION_COMMENTS = YES;
				CLANG_WARN_EMPTY_BODY = YES;
				CLANG_WARN_ENUM_CONVERSION = YES;
				CLANG_WARN_INFINITE_RECURSION = YES;
				CLANG_WARN_INT_CONVERSION = YES;
				CLANG_WARN_NON_LITERAL_NULL_CONVERSION = YES;
				CLANG_WARN_OBJC_LITERAL_CONVERSION = YES;
				CLANG_WARN_OBJC_ROOT_CLASS = YES_ERROR;
				CLANG_WARN_RANGE_LOOP_ANALYSIS = YES;
				CLANG_WARN_STRICT_PROTOTYPES = YES;
				CLANG_WARN_SUSPICIOUS_MOVE = YES;
				CLANG_WARN_UNGUARDED_AVAILABILITY = YES_AGGRESSIVE;
				CLANG_WARN_UNREACHABLE_CODE = YES;
				CLANG_WARN__DUPLICATE_METHOD_MATCH = YES;
				CODE_SIGN_IDENTITY = "iPhone Developer";
				COPY_PHASE_STRIP = NO;
				DEBUG_INFORMATION_FORMAT = dwarf;
				ENABLE_STRICT_OBJC_MSGSEND = YES;
				ENABLE_TESTABILITY = YES;
				GCC_C_LANGUAGE_STANDARD = gnu11;
				GCC_DYNAMIC_NO_PIC = NO;
				GCC_NO_COMMON_BLOCKS = YES;
				GCC_OPTIMIZATION_LEVEL = 0;
				GCC_PREPROCESSOR_DEFINITIONS = (
					"DEBUG=1",
					"$(inherited)",
				);
				GCC_WARN_64_TO_32_BIT_CONVERSION = YES;
				GCC_WARN_ABOUT_RETURN_TYPE = YES_ERROR;
				GCC_WARN_UNDECLARED_SELECTOR = YES;
				GCC_WARN_UNINITIALIZED_AUTOS = YES_AGGRESSIVE;
				GCC_WARN_UNUSED_FUNCTION = YES;
				GCC_WARN_UNUSED_VARIABLE = YES;
				IPHONEOS_DEPLOYMENT_TARGET = 11.0;
				MTL_ENABLE_DEBUG_INFO = YES;
				ONLY_ACTIVE_ARCH = YES;
				SDKROOT = iphoneos;
				SWIFT_ACTIVE_COMPILATION_CONDITIONS = DEBUG;
				SWIFT_OPTIMIZATION_LEVEL = "-Onone";
			};
			name = Debug;
		};
		C0E8973021EB6D7B0061A8C8 /* Release */ = {
			isa = XCBuildConfiguration;
			buildSettings = {
				ALWAYS_SEARCH_USER_PATHS = NO;
				CLANG_ANALYZER_NONNULL = YES;
				CLANG_ANALYZER_NUMBER_OBJECT_CONVERSION = YES_AGGRESSIVE;
				CLANG_CXX_LANGUAGE_STANDARD = "gnu++14";
				CLANG_CXX_LIBRARY = "libc++";
				CLANG_ENABLE_MODULES = YES;
				CLANG_ENABLE_OBJC_ARC = YES;
				CLANG_WARN_BLOCK_CAPTURE_AUTORELEASING = YES;
				CLANG_WARN_BOOL_CONVERSION = YES;
				CLANG_WARN_COMMA = YES;
				CLANG_WARN_CONSTANT_CONVERSION = YES;
				CLANG_WARN_DIRECT_OBJC_ISA_USAGE = YES_ERROR;
				CLANG_WARN_DOCUMENTATION_COMMENTS = YES;
				CLANG_WARN_EMPTY_BODY = YES;
				CLANG_WARN_ENUM_CONVERSION = YES;
				CLANG_WARN_INFINITE_RECURSION = YES;
				CLANG_WARN_INT_CONVERSION = YES;
				CLANG_WARN_NON_LITERAL_NULL_CONVERSION = YES;
				CLANG_WARN_OBJC_LITERAL_CONVERSION = YES;
				CLANG_WARN_OBJC_ROOT_CLASS = YES_ERROR;
				CLANG_WARN_RANGE_LOOP_ANALYSIS = YES;
				CLANG_WARN_STRICT_PROTOTYPES = YES;
				CLANG_WARN_SUSPICIOUS_MOVE = YES;
				CLANG_WARN_UNGUARDED_AVAILABILITY = YES_AGGRESSIVE;
				CLANG_WARN_UNREACHABLE_CODE = YES;
				CLANG_WARN__DUPLICATE_METHOD_MATCH = YES;
				CODE_SIGN_IDENTITY = "iPhone Developer";
				COPY_PHASE_STRIP = NO;
				DEBUG_INFORMATION_FORMAT = "dwarf-with-dsym";
				ENABLE_NS_ASSERTIONS = NO;
				ENABLE_STRICT_OBJC_MSGSEND = YES;
				GCC_C_LANGUAGE_STANDARD = gnu11;
				GCC_NO_COMMON_BLOCKS = YES;
				GCC_WARN_64_TO_32_BIT_CONVERSION = YES;
				GCC_WARN_ABOUT_RETURN_TYPE = YES_ERROR;
				GCC_WARN_UNDECLARED_SELECTOR = YES;
				GCC_WARN_UNINITIALIZED_AUTOS = YES_AGGRESSIVE;
				GCC_WARN_UNUSED_FUNCTION = YES;
				GCC_WARN_UNUSED_VARIABLE = YES;
				IPHONEOS_DEPLOYMENT_TARGET = 11.0;
				MTL_ENABLE_DEBUG_INFO = NO;
				SDKROOT = iphoneos;
				SWIFT_OPTIMIZATION_LEVEL = "-Owholemodule";
				VALIDATE_PRODUCT = YES;
			};
			name = Release;
		};
		C0E8973221EB6D7B0061A8C8 /* Debug */ = {
			isa = XCBuildConfiguration;
			buildSettings = {
				ASSETCATALOG_COMPILER_APPICON_NAME = AppIcon;
				CODE_SIGN_STYLE = Automatic;
				DEVELOPMENT_TEAM = 46G4AVJ357;
				INFOPLIST_FILE = UserCurrentLocation/Info.plist;
				LD_RUNPATH_SEARCH_PATHS = "$(inherited) @executable_path/Frameworks";
				PRODUCT_BUNDLE_IDENTIFIER = com.archidev.UserCurrentLocation;
				PRODUCT_NAME = "$(TARGET_NAME)";
				SWIFT_VERSION = 4.0;
				TARGETED_DEVICE_FAMILY = "1,2";
			};
			name = Debug;
		};
		C0E8973321EB6D7B0061A8C8 /* Release */ = {
			isa = XCBuildConfiguration;
			buildSettings = {
				ASSETCATALOG_COMPILER_APPICON_NAME = AppIcon;
				CODE_SIGN_STYLE = Automatic;
				DEVELOPMENT_TEAM = 46G4AVJ357;
				INFOPLIST_FILE = UserCurrentLocation/Info.plist;
				LD_RUNPATH_SEARCH_PATHS = "$(inherited) @executable_path/Frameworks";
				PRODUCT_BUNDLE_IDENTIFIER = com.archidev.UserCurrentLocation;
				PRODUCT_NAME = "$(TARGET_NAME)";
				SWIFT_VERSION = 4.0;
				TARGETED_DEVICE_FAMILY = "1,2";
			};
			name = Release;
		};
		C0E8973521EB6D7B0061A8C8 /* Debug */ = {
			isa = XCBuildConfiguration;
			buildSettings = {
				ALWAYS_EMBED_SWIFT_STANDARD_LIBRARIES = YES;
				BUNDLE_LOADER = "$(TEST_HOST)";
				CODE_SIGN_STYLE = Automatic;
				DEVELOPMENT_TEAM = 46G4AVJ357;
				INFOPLIST_FILE = UserCurrentLocationTests/Info.plist;
				LD_RUNPATH_SEARCH_PATHS = "$(inherited) @executable_path/Frameworks @loader_path/Frameworks";
				PRODUCT_BUNDLE_IDENTIFIER = com.archidev.UserCurrentLocationTests;
				PRODUCT_NAME = "$(TARGET_NAME)";
				SWIFT_VERSION = 4.0;
				TARGETED_DEVICE_FAMILY = "1,2";
				TEST_HOST = "$(BUILT_PRODUCTS_DIR)/UserCurrentLocation.app/UserCurrentLocation";
			};
			name = Debug;
		};
		C0E8973621EB6D7B0061A8C8 /* Release */ = {
			isa = XCBuildConfiguration;
			buildSettings = {
				ALWAYS_EMBED_SWIFT_STANDARD_LIBRARIES = YES;
				BUNDLE_LOADER = "$(TEST_HOST)";
				CODE_SIGN_STYLE = Automatic;
				DEVELOPMENT_TEAM = 46G4AVJ357;
				INFOPLIST_FILE = UserCurrentLocationTests/Info.plist;
				LD_RUNPATH_SEARCH_PATHS = "$(inherited) @executable_path/Frameworks @loader_path/Frameworks";
				PRODUCT_BUNDLE_IDENTIFIER = com.archidev.UserCurrentLocationTests;
				PRODUCT_NAME = "$(TARGET_NAME)";
				SWIFT_VERSION = 4.0;
				TARGETED_DEVICE_FAMILY = "1,2";
				TEST_HOST = "$(BUILT_PRODUCTS_DIR)/UserCurrentLocation.app/UserCurrentLocation";
			};
			name = Release;
		};
		C0E8973821EB6D7B0061A8C8 /* Debug */ = {
			isa = XCBuildConfiguration;
			buildSettings = {
				ALWAYS_EMBED_SWIFT_STANDARD_LIBRARIES = YES;
				CODE_SIGN_STYLE = Automatic;
				DEVELOPMENT_TEAM = 46G4AVJ357;
				INFOPLIST_FILE = UserCurrentLocationUITests/Info.plist;
				LD_RUNPATH_SEARCH_PATHS = "$(inherited) @executable_path/Frameworks @loader_path/Frameworks";
				PRODUCT_BUNDLE_IDENTIFIER = com.archidev.UserCurrentLocationUITests;
				PRODUCT_NAME = "$(TARGET_NAME)";
				SWIFT_VERSION = 4.0;
				TARGETED_DEVICE_FAMILY = "1,2";
				TEST_TARGET_NAME = UserCurrentLocation;
			};
			name = Debug;
		};
		C0E8973921EB6D7B0061A8C8 /* Release */ = {
			isa = XCBuildConfiguration;
			buildSettings = {
				ALWAYS_EMBED_SWIFT_STANDARD_LIBRARIES = YES;
				CODE_SIGN_STYLE = Automatic;
				DEVELOPMENT_TEAM = 46G4AVJ357;
				INFOPLIST_FILE = UserCurrentLocationUITests/Info.plist;
				LD_RUNPATH_SEARCH_PATHS = "$(inherited) @executable_path/Frameworks @loader_path/Frameworks";
				PRODUCT_BUNDLE_IDENTIFIER = com.archidev.UserCurrentLocationUITests;
				PRODUCT_NAME = "$(TARGET_NAME)";
				SWIFT_VERSION = 4.0;
				TARGETED_DEVICE_FAMILY = "1,2";
				TEST_TARGET_NAME = UserCurrentLocation;
			};
			name = Release;
		};
/* End XCBuildConfiguration section */

/* Begin XCConfigurationList section */
		C0E8970121EB6D7A0061A8C8 /* Build configuration list for PBXProject "UserCurrentLocation" */ = {
			isa = XCConfigurationList;
			buildConfigurations = (
				C0E8972F21EB6D7B0061A8C8 /* Debug */,
				C0E8973021EB6D7B0061A8C8 /* Release */,
			);
			defaultConfigurationIsVisible = 0;
			defaultConfigurationName = Release;
		};
		C0E8973121EB6D7B0061A8C8 /* Build configuration list for PBXNativeTarget "UserCurrentLocation" */ = {
			isa = XCConfigurationList;
			buildConfigurations = (
				C0E8973221EB6D7B0061A8C8 /* Debug */,
				C0E8973321EB6D7B0061A8C8 /* Release */,
			);
			defaultConfigurationIsVisible = 0;
			defaultConfigurationName = Release;
		};
		C0E8973421EB6D7B0061A8C8 /* Build configuration list for PBXNativeTarget "UserCurrentLocationTests" */ = {
			isa = XCConfigurationList;
			buildConfigurations = (
				C0E8973521EB6D7B0061A8C8 /* Debug */,
				C0E8973621EB6D7B0061A8C8 /* Release */,
			);
			defaultConfigurationIsVisible = 0;
			defaultConfigurationName = Release;
		};
		C0E8973721EB6D7B0061A8C8 /* Build configuration list for PBXNativeTarget "UserCurrentLocationUITests" */ = {
			isa = XCConfigurationList;
			buildConfigurations = (
				C0E8973821EB6D7B0061A8C8 /* Debug */,
				C0E8973921EB6D7B0061A8C8 /* Release */,
			);
			defaultConfigurationIsVisible = 0;
			defaultConfigurationName = Release;
		};
/* End XCConfigurationList section */

/* Begin XCVersionGroup section */
		C0E8971021EB6D7A0061A8C8 /* UserCurrentLocation.xcdatamodeld */ = {
			isa = XCVersionGroup;
			children = (
				C0E8971121EB6D7A0061A8C8 /* UserCurrentLocation.xcdatamodel */,
			);
			currentVersion = C0E8971121EB6D7A0061A8C8 /* UserCurrentLocation.xcdatamodel */;
			path = UserCurrentLocation.xcdatamodeld;
			sourceTree = "<group>";
			versionGroupType = wrapper.xcdatamodel;
		};
/* End XCVersionGroup section */
	};
	rootObject = C0E896FE21EB6D7A0061A8C8 /* Project object */;
}
